// !$*UTF8*$!
{
	archiveVersion = 1;
	classes = {
	};
	objectVersion = 46;
	objects = {

/* Begin PBXBuildFile section */
		368675D228EDCCF15265C72D /* GroupListController.m in Sources */ = {isa = PBXBuildFile; fileRef = 368677F321327182574ED069 /* GroupListController.m */; };
		36867D81F1E8A121F01ACC26 /* CreateUIElement.m in Sources */ = {isa = PBXBuildFile; fileRef = 36867D439D4BF89C7322B14F /* CreateUIElement.m */; };
		494BC0F216D0D86A00DA45B9 /* UIKit.framework in Frameworks */ = {isa = PBXBuildFile; fileRef = 494BC0F116D0D86A00DA45B9 /* UIKit.framework */; };
		494BC0F416D0D86A00DA45B9 /* Foundation.framework in Frameworks */ = {isa = PBXBuildFile; fileRef = 494BC0F316D0D86A00DA45B9 /* Foundation.framework */; };
		494BC0F616D0D86A00DA45B9 /* CoreGraphics.framework in Frameworks */ = {isa = PBXBuildFile; fileRef = 494BC0F516D0D86A00DA45B9 /* CoreGraphics.framework */; };
		494BC0FC16D0D86A00DA45B9 /* InfoPlist.strings in Resources */ = {isa = PBXBuildFile; fileRef = 494BC0FA16D0D86A00DA45B9 /* InfoPlist.strings */; };
		494BC0FE16D0D86A00DA45B9 /* main.m in Sources */ = {isa = PBXBuildFile; fileRef = 494BC0FD16D0D86A00DA45B9 /* main.m */; };
		494BC10216D0D86A00DA45B9 /* FMAppDelegate.m in Sources */ = {isa = PBXBuildFile; fileRef = 494BC10116D0D86A00DA45B9 /* FMAppDelegate.m */; };
		494BC10416D0D86A00DA45B9 /* Default.png in Resources */ = {isa = PBXBuildFile; fileRef = 494BC10316D0D86A00DA45B9 /* Default.png */; };
		494BC10616D0D86A00DA45B9 /* Default@2x.png in Resources */ = {isa = PBXBuildFile; fileRef = 494BC10516D0D86A00DA45B9 /* Default@2x.png */; };
		494BC10816D0D86A00DA45B9 /* Default-568h@2x.png in Resources */ = {isa = PBXBuildFile; fileRef = 494BC10716D0D86A00DA45B9 /* Default-568h@2x.png */; };
		494BC11016D0D86B00DA45B9 /* SenTestingKit.framework in Frameworks */ = {isa = PBXBuildFile; fileRef = 494BC10F16D0D86B00DA45B9 /* SenTestingKit.framework */; };
		494BC11116D0D86B00DA45B9 /* UIKit.framework in Frameworks */ = {isa = PBXBuildFile; fileRef = 494BC0F116D0D86A00DA45B9 /* UIKit.framework */; };
		494BC11216D0D86B00DA45B9 /* Foundation.framework in Frameworks */ = {isa = PBXBuildFile; fileRef = 494BC0F316D0D86A00DA45B9 /* Foundation.framework */; };
		494BC11A16D0D86B00DA45B9 /* InfoPlist.strings in Resources */ = {isa = PBXBuildFile; fileRef = 494BC11816D0D86B00DA45B9 /* InfoPlist.strings */; };
		494BC11D16D0D86B00DA45B9 /* iOSTests.m in Sources */ = {isa = PBXBuildFile; fileRef = 494BC11C16D0D86B00DA45B9 /* iOSTests.m */; };
		6AC7012CDFC89D1D8A164DF1 /* User.m in Sources */ = {isa = PBXBuildFile; fileRef = 6AC7061F88DEADC3990B7D15 /* User.m */; };
		6AC7019C78D4ADA2F2CBE2C2 /* RestaurantListViewController.m in Sources */ = {isa = PBXBuildFile; fileRef = 6AC7095A335441F39E9DCEE9 /* RestaurantListViewController.m */; };
		6AC702A1668230A9762FCA1A /* tasks in Resources */ = {isa = PBXBuildFile; fileRef = 6AC703C305C0496FE63BC197 /* tasks */; };
		6AC702A49AE2426D90512249 /* fork.png in Resources */ = {isa = PBXBuildFile; fileRef = 6AC7010B191BDBFC9AE5EE79 /* fork.png */; };
		6AC7046BA1D855B86E44B0AC /* MobileCoreServices.framework in Frameworks */ = {isa = PBXBuildFile; fileRef = 6AC707BC2FBDE033E3868E24 /* MobileCoreServices.framework */; };
		6AC704A1801EDB16CA032A20 /* PlainEditTableViewCell.m in Sources */ = {isa = PBXBuildFile; fileRef = 6AC70BB96F84DDAA0EB4A97B /* PlainEditTableViewCell.m */; };
		6AC70544D2DBECA9966CBC0B /* libz.1.2.5.dylib in Frameworks */ = {isa = PBXBuildFile; fileRef = 6AC7010AFE66DA73B576E319 /* libz.1.2.5.dylib */; };
		6AC70674047965BE614BF689 /* PayBillLocalNotification.m in Sources */ = {isa = PBXBuildFile; fileRef = 6AC70877D88D0825D0D7EAC8 /* PayBillLocalNotification.m */; };
		6AC7075FDFA98EC171B4CFF7 /* GroupDetailsViewController.m in Sources */ = {isa = PBXBuildFile; fileRef = 6AC70C85EBD548ADA58F5B7F /* GroupDetailsViewController.m */; };
		6AC70763CDDCDE528E5A1F2D /* Restaurant.m in Sources */ = {isa = PBXBuildFile; fileRef = 6AC70CE4765AA9BD85D5E899 /* Restaurant.m */; };
		6AC708CF7C209E157D378469 /* Group.m in Sources */ = {isa = PBXBuildFile; fileRef = 6AC702BA954C794B008339D0 /* Group.m */; };
		6AC7092CA6D8607B53F050C7 /* GroupAddViewController.m in Sources */ = {isa = PBXBuildFile; fileRef = 6AC70C109EB3D3020808AFCC /* GroupAddViewController.m */; };
		6AC70959AF382E769E7DBD17 /* Dish.m in Sources */ = {isa = PBXBuildFile; fileRef = 6AC703E61CD4B05A591202AF /* Dish.m */; };
		6AC70A334B4B914D3118ACD8 /* CFNetwork.framework in Frameworks */ = {isa = PBXBuildFile; fileRef = 6AC70C88117EE93387B966B3 /* CFNetwork.framework */; };
		6AC70C17CB4FABAD6A621E5F /* GroupDataService.m in Sources */ = {isa = PBXBuildFile; fileRef = 6AC70B730E68A856BA29CADB /* GroupDataService.m */; };
		9E53179B55864B80B164A3C8 /* libPods.a in Frameworks */ = {isa = PBXBuildFile; fileRef = BA6710C06BB14FE089DBE799 /* libPods.a */; };
		BB7EE24D16D86C270000DFCE /* EditTableViewCell.m in Sources */ = {isa = PBXBuildFile; fileRef = BB7EE24C16D86C270000DFCE /* EditTableViewCell.m */; };
		BB7EE26A16D883860000DFCE /* LoginTableViewController.m in Sources */ = {isa = PBXBuildFile; fileRef = BB7EE26816D883860000DFCE /* LoginTableViewController.m */; };
		BB7EE26D16D885660000DFCE /* LoginFooterView.xib in Resources */ = {isa = PBXBuildFile; fileRef = BB7EE26C16D885660000DFCE /* LoginFooterView.xib */; };
		BB7EE28E16D904CA0000DFCE /* EditTableViewCell.xib in Resources */ = {isa = PBXBuildFile; fileRef = BB7EE27D16D8F42F0000DFCE /* EditTableViewCell.xib */; };
		BB7EE29516D917960000DFCE /* SignUpViewController.m in Sources */ = {isa = PBXBuildFile; fileRef = BB7EE29416D917960000DFCE /* SignUpViewController.m */; };
		BBA6E72A16DD024B00561F93 /* GroupSummaryViewCell.m in Sources */ = {isa = PBXBuildFile; fileRef = BBA6E72916DD024B00561F93 /* GroupSummaryViewCell.m */; };
		BBBC94FE16D6684F0009938F /* StoreKit.framework in Frameworks */ = {isa = PBXBuildFile; fileRef = BBBC94FD16D6684F0009938F /* StoreKit.framework */; };
		BBBC950016D668630009938F /* SystemConfiguration.framework in Frameworks */ = {isa = PBXBuildFile; fileRef = BBBC94FF16D668630009938F /* SystemConfiguration.framework */; };
		BBE4ABEB16DBA1BA00C5883D /* libxml2.2.dylib in Frameworks */ = {isa = PBXBuildFile; fileRef = BBE4ABEA16DBA1BA00C5883D /* libxml2.2.dylib */; };
/* End PBXBuildFile section */

/* Begin PBXContainerItemProxy section */
		494BC11316D0D86B00DA45B9 /* PBXContainerItemProxy */ = {
			isa = PBXContainerItemProxy;
			containerPortal = 494BC0E416D0D86A00DA45B9 /* Project object */;
			proxyType = 1;
			remoteGlobalIDString = 494BC0EC16D0D86A00DA45B9;
			remoteInfo = iOS;
		};
/* End PBXContainerItemProxy section */

/* Begin PBXFileReference section */
		368672458A0BB78F62FF0D18 /* GroupListController.h */ = {isa = PBXFileReference; fileEncoding = 4; lastKnownFileType = sourcecode.c.h; path = GroupListController.h; sourceTree = "<group>"; };
		36867471FF070E422553B83D /* CreateUIElement.h */ = {isa = PBXFileReference; fileEncoding = 4; lastKnownFileType = sourcecode.c.h; path = CreateUIElement.h; sourceTree = "<group>"; };
		368677F321327182574ED069 /* GroupListController.m */ = {isa = PBXFileReference; fileEncoding = 4; lastKnownFileType = sourcecode.c.objc; path = GroupListController.m; sourceTree = "<group>"; };
		36867D439D4BF89C7322B14F /* CreateUIElement.m */ = {isa = PBXFileReference; fileEncoding = 4; lastKnownFileType = sourcecode.c.objc; path = CreateUIElement.m; sourceTree = "<group>"; };
		494BC0ED16D0D86A00DA45B9 /* iOS.app */ = {isa = PBXFileReference; explicitFileType = wrapper.application; includeInIndex = 0; path = iOS.app; sourceTree = BUILT_PRODUCTS_DIR; };
		494BC0F116D0D86A00DA45B9 /* UIKit.framework */ = {isa = PBXFileReference; lastKnownFileType = wrapper.framework; name = UIKit.framework; path = System/Library/Frameworks/UIKit.framework; sourceTree = SDKROOT; };
		494BC0F316D0D86A00DA45B9 /* Foundation.framework */ = {isa = PBXFileReference; lastKnownFileType = wrapper.framework; name = Foundation.framework; path = System/Library/Frameworks/Foundation.framework; sourceTree = SDKROOT; };
		494BC0F516D0D86A00DA45B9 /* CoreGraphics.framework */ = {isa = PBXFileReference; lastKnownFileType = wrapper.framework; name = CoreGraphics.framework; path = System/Library/Frameworks/CoreGraphics.framework; sourceTree = SDKROOT; };
		494BC0F916D0D86A00DA45B9 /* iOS-Info.plist */ = {isa = PBXFileReference; lastKnownFileType = text.plist.xml; path = "iOS-Info.plist"; sourceTree = "<group>"; };
		494BC0FB16D0D86A00DA45B9 /* en */ = {isa = PBXFileReference; lastKnownFileType = text.plist.strings; name = en; path = en.lproj/InfoPlist.strings; sourceTree = "<group>"; };
		494BC0FD16D0D86A00DA45B9 /* main.m */ = {isa = PBXFileReference; lastKnownFileType = sourcecode.c.objc; path = main.m; sourceTree = "<group>"; };
		494BC0FF16D0D86A00DA45B9 /* iOS-Prefix.pch */ = {isa = PBXFileReference; lastKnownFileType = sourcecode.c.h; path = "iOS-Prefix.pch"; sourceTree = "<group>"; };
		494BC10016D0D86A00DA45B9 /* FMAppDelegate.h */ = {isa = PBXFileReference; lastKnownFileType = sourcecode.c.h; path = FMAppDelegate.h; sourceTree = "<group>"; };
		494BC10116D0D86A00DA45B9 /* FMAppDelegate.m */ = {isa = PBXFileReference; lastKnownFileType = sourcecode.c.objc; path = FMAppDelegate.m; sourceTree = "<group>"; };
		494BC10316D0D86A00DA45B9 /* Default.png */ = {isa = PBXFileReference; lastKnownFileType = image.png; path = Default.png; sourceTree = "<group>"; };
		494BC10516D0D86A00DA45B9 /* Default@2x.png */ = {isa = PBXFileReference; lastKnownFileType = image.png; path = "Default@2x.png"; sourceTree = "<group>"; };
		494BC10716D0D86A00DA45B9 /* Default-568h@2x.png */ = {isa = PBXFileReference; lastKnownFileType = image.png; path = "Default-568h@2x.png"; sourceTree = "<group>"; };
		494BC10E16D0D86B00DA45B9 /* iOSTests.octest */ = {isa = PBXFileReference; explicitFileType = wrapper.cfbundle; includeInIndex = 0; path = iOSTests.octest; sourceTree = BUILT_PRODUCTS_DIR; };
		494BC10F16D0D86B00DA45B9 /* SenTestingKit.framework */ = {isa = PBXFileReference; lastKnownFileType = wrapper.framework; name = SenTestingKit.framework; path = Library/Frameworks/SenTestingKit.framework; sourceTree = DEVELOPER_DIR; };
		494BC11716D0D86B00DA45B9 /* iOSTests-Info.plist */ = {isa = PBXFileReference; lastKnownFileType = text.plist.xml; path = "iOSTests-Info.plist"; sourceTree = "<group>"; };
		494BC11916D0D86B00DA45B9 /* en */ = {isa = PBXFileReference; lastKnownFileType = text.plist.strings; name = en; path = en.lproj/InfoPlist.strings; sourceTree = "<group>"; };
		494BC11B16D0D86B00DA45B9 /* iOSTests.h */ = {isa = PBXFileReference; lastKnownFileType = sourcecode.c.h; path = iOSTests.h; sourceTree = "<group>"; };
		494BC11C16D0D86B00DA45B9 /* iOSTests.m */ = {isa = PBXFileReference; lastKnownFileType = sourcecode.c.objc; path = iOSTests.m; sourceTree = "<group>"; };
		57835B580DD34FEDB60789E8 /* Pods.xcconfig */ = {isa = PBXFileReference; includeInIndex = 1; lastKnownFileType = text.xcconfig; name = Pods.xcconfig; path = Pods/Pods.xcconfig; sourceTree = SOURCE_ROOT; };
		6AC70026A7EF01DCAB70CA85 /* README.rst */ = {isa = PBXFileReference; lastKnownFileType = file.rst; path = README.rst; sourceTree = "<group>"; };
		6AC7008D4E86601A6BC01F78 /* PlainEditTableViewCell.h */ = {isa = PBXFileReference; fileEncoding = 4; lastKnownFileType = sourcecode.c.h; name = PlainEditTableViewCell.h; path = "Table Cell/PlainEditTableViewCell.h"; sourceTree = "<group>"; };
		6AC7010AFE66DA73B576E319 /* libz.1.2.5.dylib */ = {isa = PBXFileReference; lastKnownFileType = "compiled.mach-o.dylib"; name = libz.1.2.5.dylib; path = usr/lib/libz.1.2.5.dylib; sourceTree = SDKROOT; };
		6AC7010B191BDBFC9AE5EE79 /* fork.png */ = {isa = PBXFileReference; lastKnownFileType = image.png; path = fork.png; sourceTree = "<group>"; };
		6AC701676998F6D6108C9407 /* RestaurantListViewController.h */ = {isa = PBXFileReference; fileEncoding = 4; lastKnownFileType = sourcecode.c.h; path = RestaurantListViewController.h; sourceTree = "<group>"; };
		6AC702BA954C794B008339D0 /* Group.m */ = {isa = PBXFileReference; fileEncoding = 4; lastKnownFileType = sourcecode.c.objc; path = Group.m; sourceTree = "<group>"; };
		6AC703C305C0496FE63BC197 /* tasks */ = {isa = PBXFileReference; fileEncoding = 4; lastKnownFileType = text; path = tasks; sourceTree = "<group>"; };
		6AC703E61CD4B05A591202AF /* Dish.m */ = {isa = PBXFileReference; fileEncoding = 4; lastKnownFileType = sourcecode.c.objc; path = Dish.m; sourceTree = "<group>"; };
		6AC70483062B172406805153 /* GroupDataService.h */ = {isa = PBXFileReference; fileEncoding = 4; lastKnownFileType = sourcecode.c.h; path = GroupDataService.h; sourceTree = "<group>"; };
		6AC705EAD3E94134E0BF5351 /* User.h */ = {isa = PBXFileReference; fileEncoding = 4; lastKnownFileType = sourcecode.c.h; path = User.h; sourceTree = "<group>"; };
		6AC7061F88DEADC3990B7D15 /* User.m */ = {isa = PBXFileReference; fileEncoding = 4; lastKnownFileType = sourcecode.c.objc; path = User.m; sourceTree = "<group>"; };
		6AC7065CF9D8E5B8928EE6E9 /* pod_init.sh */ = {isa = PBXFileReference; fileEncoding = 4; lastKnownFileType = text.script.sh; path = pod_init.sh; sourceTree = "<group>"; };
		6AC7075069ABA5C9DD2E15D3 /* Restaurant.h */ = {isa = PBXFileReference; fileEncoding = 4; lastKnownFileType = sourcecode.c.h; path = Restaurant.h; sourceTree = "<group>"; };
		6AC707BC2FBDE033E3868E24 /* MobileCoreServices.framework */ = {isa = PBXFileReference; lastKnownFileType = wrapper.framework; name = MobileCoreServices.framework; path = System/Library/Frameworks/MobileCoreServices.framework; sourceTree = SDKROOT; };
		6AC70877D88D0825D0D7EAC8 /* PayBillLocalNotification.m */ = {isa = PBXFileReference; fileEncoding = 4; lastKnownFileType = sourcecode.c.objc; path = PayBillLocalNotification.m; sourceTree = "<group>"; };
		6AC709248BAEA90A7F51529D /* GroupAddViewController.h */ = {isa = PBXFileReference; fileEncoding = 4; lastKnownFileType = sourcecode.c.h; path = GroupAddViewController.h; sourceTree = "<group>"; };
		6AC7095A335441F39E9DCEE9 /* RestaurantListViewController.m */ = {isa = PBXFileReference; fileEncoding = 4; lastKnownFileType = sourcecode.c.objc; path = RestaurantListViewController.m; sourceTree = "<group>"; };
		6AC70B0851E588E235BF8A3F /* Group.h */ = {isa = PBXFileReference; fileEncoding = 4; lastKnownFileType = sourcecode.c.h; path = Group.h; sourceTree = "<group>"; };
		6AC70B730E68A856BA29CADB /* GroupDataService.m */ = {isa = PBXFileReference; fileEncoding = 4; lastKnownFileType = sourcecode.c.objc; path = GroupDataService.m; sourceTree = "<group>"; };
		6AC70B87F2A02367DA00D939 /* Podfile */ = {isa = PBXFileReference; fileEncoding = 4; lastKnownFileType = text; path = Podfile; sourceTree = "<group>"; };
		6AC70BB96F84DDAA0EB4A97B /* PlainEditTableViewCell.m */ = {isa = PBXFileReference; fileEncoding = 4; lastKnownFileType = sourcecode.c.objc; name = PlainEditTableViewCell.m; path = "Table Cell/PlainEditTableViewCell.m"; sourceTree = "<group>"; };
		6AC70BF1612D1549D15DF2FD /* GroupDetailsViewController.h */ = {isa = PBXFileReference; fileEncoding = 4; lastKnownFileType = sourcecode.c.h; path = GroupDetailsViewController.h; sourceTree = "<group>"; };
		6AC70BF89F51B7DFCA0D1B7E /* PayBillLocalNotification.h */ = {isa = PBXFileReference; fileEncoding = 4; lastKnownFileType = sourcecode.c.h; path = PayBillLocalNotification.h; sourceTree = "<group>"; };
		6AC70C109EB3D3020808AFCC /* GroupAddViewController.m */ = {isa = PBXFileReference; fileEncoding = 4; lastKnownFileType = sourcecode.c.objc; path = GroupAddViewController.m; sourceTree = "<group>"; };
		6AC70C85EBD548ADA58F5B7F /* GroupDetailsViewController.m */ = {isa = PBXFileReference; fileEncoding = 4; lastKnownFileType = sourcecode.c.objc; path = GroupDetailsViewController.m; sourceTree = "<group>"; };
		6AC70C88117EE93387B966B3 /* CFNetwork.framework */ = {isa = PBXFileReference; lastKnownFileType = wrapper.framework; name = CFNetwork.framework; path = System/Library/Frameworks/CFNetwork.framework; sourceTree = SDKROOT; };
		6AC70CE4765AA9BD85D5E899 /* Restaurant.m */ = {isa = PBXFileReference; fileEncoding = 4; lastKnownFileType = sourcecode.c.objc; path = Restaurant.m; sourceTree = "<group>"; };
		6AC70D9F54C93FC82EAEF176 /* Dish.h */ = {isa = PBXFileReference; fileEncoding = 4; lastKnownFileType = sourcecode.c.h; path = Dish.h; sourceTree = "<group>"; };
		BA6710C06BB14FE089DBE799 /* libPods.a */ = {isa = PBXFileReference; explicitFileType = archive.ar; includeInIndex = 0; path = libPods.a; sourceTree = BUILT_PRODUCTS_DIR; };
		BB7EE24B16D86C270000DFCE /* EditTableViewCell.h */ = {isa = PBXFileReference; fileEncoding = 4; lastKnownFileType = sourcecode.c.h; name = EditTableViewCell.h; path = "Table Cell/EditTableViewCell.h"; sourceTree = "<group>"; };
		BB7EE24C16D86C270000DFCE /* EditTableViewCell.m */ = {isa = PBXFileReference; fileEncoding = 4; lastKnownFileType = sourcecode.c.objc; name = EditTableViewCell.m; path = "Table Cell/EditTableViewCell.m"; sourceTree = "<group>"; };
		BB7EE26716D883860000DFCE /* LoginTableViewController.h */ = {isa = PBXFileReference; fileEncoding = 4; lastKnownFileType = sourcecode.c.h; name = LoginTableViewController.h; path = Account/LoginTableViewController.h; sourceTree = "<group>"; };
		BB7EE26816D883860000DFCE /* LoginTableViewController.m */ = {isa = PBXFileReference; fileEncoding = 4; lastKnownFileType = sourcecode.c.objc; name = LoginTableViewController.m; path = Account/LoginTableViewController.m; sourceTree = "<group>"; };
		BB7EE26C16D885660000DFCE /* LoginFooterView.xib */ = {isa = PBXFileReference; fileEncoding = 4; lastKnownFileType = file.xib; name = LoginFooterView.xib; path = iOS/LoginFooterView.xib; sourceTree = SOURCE_ROOT; };
		BB7EE27D16D8F42F0000DFCE /* EditTableViewCell.xib */ = {isa = PBXFileReference; fileEncoding = 4; lastKnownFileType = file.xib; name = EditTableViewCell.xib; path = iOS/EditTableViewCell.xib; sourceTree = SOURCE_ROOT; };
		BB7EE29316D917960000DFCE /* SignUpViewController.h */ = {isa = PBXFileReference; fileEncoding = 4; lastKnownFileType = sourcecode.c.h; path = SignUpViewController.h; sourceTree = "<group>"; };
		BB7EE29416D917960000DFCE /* SignUpViewController.m */ = {isa = PBXFileReference; fileEncoding = 4; lastKnownFileType = sourcecode.c.objc; path = SignUpViewController.m; sourceTree = "<group>"; };
		BBA6E72816DD024B00561F93 /* GroupSummaryViewCell.h */ = {isa = PBXFileReference; fileEncoding = 4; lastKnownFileType = sourcecode.c.h; path = GroupSummaryViewCell.h; sourceTree = "<group>"; };
		BBA6E72916DD024B00561F93 /* GroupSummaryViewCell.m */ = {isa = PBXFileReference; fileEncoding = 4; lastKnownFileType = sourcecode.c.objc; path = GroupSummaryViewCell.m; sourceTree = "<group>"; };
		BBBC94FD16D6684F0009938F /* StoreKit.framework */ = {isa = PBXFileReference; lastKnownFileType = wrapper.framework; name = StoreKit.framework; path = System/Library/Frameworks/StoreKit.framework; sourceTree = SDKROOT; };
		BBBC94FF16D668630009938F /* SystemConfiguration.framework */ = {isa = PBXFileReference; lastKnownFileType = wrapper.framework; name = SystemConfiguration.framework; path = System/Library/Frameworks/SystemConfiguration.framework; sourceTree = SDKROOT; };
		BBE4ABEA16DBA1BA00C5883D /* libxml2.2.dylib */ = {isa = PBXFileReference; lastKnownFileType = "compiled.mach-o.dylib"; name = libxml2.2.dylib; path = usr/lib/libxml2.2.dylib; sourceTree = SDKROOT; };
/* End PBXFileReference section */

/* Begin PBXFrameworksBuildPhase section */
		494BC0EA16D0D86A00DA45B9 /* Frameworks */ = {
			isa = PBXFrameworksBuildPhase;
			buildActionMask = 2147483647;
			files = (
				BBE4ABEB16DBA1BA00C5883D /* libxml2.2.dylib in Frameworks */,
				BBBC950016D668630009938F /* SystemConfiguration.framework in Frameworks */,
				BBBC94FE16D6684F0009938F /* StoreKit.framework in Frameworks */,
				494BC0F616D0D86A00DA45B9 /* CoreGraphics.framework in Frameworks */,
				494BC0F216D0D86A00DA45B9 /* UIKit.framework in Frameworks */,
				494BC0F416D0D86A00DA45B9 /* Foundation.framework in Frameworks */,
				9E53179B55864B80B164A3C8 /* libPods.a in Frameworks */,
				6AC70544D2DBECA9966CBC0B /* libz.1.2.5.dylib in Frameworks */,
				6AC7046BA1D855B86E44B0AC /* MobileCoreServices.framework in Frameworks */,
				6AC70A334B4B914D3118ACD8 /* CFNetwork.framework in Frameworks */,
			);
			runOnlyForDeploymentPostprocessing = 0;
		};
		494BC10A16D0D86B00DA45B9 /* Frameworks */ = {
			isa = PBXFrameworksBuildPhase;
			buildActionMask = 2147483647;
			files = (
				494BC11016D0D86B00DA45B9 /* SenTestingKit.framework in Frameworks */,
				494BC11116D0D86B00DA45B9 /* UIKit.framework in Frameworks */,
				494BC11216D0D86B00DA45B9 /* Foundation.framework in Frameworks */,
			);
			runOnlyForDeploymentPostprocessing = 0;
		};
/* End PBXFrameworksBuildPhase section */

/* Begin PBXGroup section */
		3686741AF444BB95FED96829 /* GroupList */ = {
			isa = PBXGroup;
			children = (
				368677F321327182574ED069 /* GroupListController.m */,
				368672458A0BB78F62FF0D18 /* GroupListController.h */,
				6AC70B730E68A856BA29CADB /* GroupDataService.m */,
				6AC70483062B172406805153 /* GroupDataService.h */,
				6AC709248BAEA90A7F51529D /* GroupAddViewController.h */,
				6AC70C109EB3D3020808AFCC /* GroupAddViewController.m */,
				6AC70B0851E588E235BF8A3F /* Group.h */,
				6AC702BA954C794B008339D0 /* Group.m */,
				6AC70BF1612D1549D15DF2FD /* GroupDetailsViewController.h */,
				6AC70C85EBD548ADA58F5B7F /* GroupDetailsViewController.m */,
			);
			path = GroupList;
			sourceTree = "<group>";
		};
		3686775ABA2F3C65C31422AC /* Restaurant */ = {
			isa = PBXGroup;
			children = (
				6AC701676998F6D6108C9407 /* RestaurantListViewController.h */,
				6AC7095A335441F39E9DCEE9 /* RestaurantListViewController.m */,
				6AC7075069ABA5C9DD2E15D3 /* Restaurant.h */,
				6AC70CE4765AA9BD85D5E899 /* Restaurant.m */,
				6AC70D9F54C93FC82EAEF176 /* Dish.h */,
				6AC703E61CD4B05A591202AF /* Dish.m */,
			);
			lastKnownFileType = text;
			path = Restaurant;
			sourceTree = "<group>";
		};
		36867D5D46C249DC03B46484 /* Utility */ = {
			isa = PBXGroup;
			children = (
				36867471FF070E422553B83D /* CreateUIElement.h */,
				36867D439D4BF89C7322B14F /* CreateUIElement.m */,
			);
			path = Utility;
			sourceTree = "<group>";
		};
		494BC0E216D0D86A00DA45B9 = {
			isa = PBXGroup;
			children = (
				BBE4ABEA16DBA1BA00C5883D /* libxml2.2.dylib */,
				494BC0F716D0D86A00DA45B9 /* iOS */,
				494BC11516D0D86B00DA45B9 /* iOSTests */,
				494BC0F016D0D86A00DA45B9 /* Frameworks */,
				494BC0EE16D0D86A00DA45B9 /* Products */,
				6AC70026A7EF01DCAB70CA85 /* README.rst */,
				6AC70B87F2A02367DA00D939 /* Podfile */,
				6AC7065CF9D8E5B8928EE6E9 /* pod_init.sh */,
				57835B580DD34FEDB60789E8 /* Pods.xcconfig */,
				6AC703C305C0496FE63BC197 /* tasks */,
			);
			sourceTree = "<group>";
		};
		494BC0EE16D0D86A00DA45B9 /* Products */ = {
			isa = PBXGroup;
			children = (
				494BC0ED16D0D86A00DA45B9 /* iOS.app */,
				494BC10E16D0D86B00DA45B9 /* iOSTests.octest */,
			);
			name = Products;
			sourceTree = "<group>";
		};
		494BC0F016D0D86A00DA45B9 /* Frameworks */ = {
			isa = PBXGroup;
			children = (
				BBBC94FF16D668630009938F /* SystemConfiguration.framework */,
				BBBC94FD16D6684F0009938F /* StoreKit.framework */,
				494BC0F116D0D86A00DA45B9 /* UIKit.framework */,
				494BC0F316D0D86A00DA45B9 /* Foundation.framework */,
				494BC0F516D0D86A00DA45B9 /* CoreGraphics.framework */,
				494BC10F16D0D86B00DA45B9 /* SenTestingKit.framework */,
				BA6710C06BB14FE089DBE799 /* libPods.a */,
				6AC7010AFE66DA73B576E319 /* libz.1.2.5.dylib */,
				6AC707BC2FBDE033E3868E24 /* MobileCoreServices.framework */,
				6AC70C88117EE93387B966B3 /* CFNetwork.framework */,
			);
			name = Frameworks;
			sourceTree = "<group>";
		};
		494BC0F716D0D86A00DA45B9 /* iOS */ = {
			isa = PBXGroup;
			children = (
				BB7EE24A16D86BD90000DFCE /* Table Cell */,
				BB082E1E16D66DE700F699F6 /* Account */,
				494BC10016D0D86A00DA45B9 /* FMAppDelegate.h */,
				494BC10116D0D86A00DA45B9 /* FMAppDelegate.m */,
				494BC0F816D0D86A00DA45B9 /* Supporting Files */,
				3686741AF444BB95FED96829 /* GroupList */,
				3686775ABA2F3C65C31422AC /* Restaurant */,
				36867D5D46C249DC03B46484 /* Utility */,
				6AC700F2E6E4A22AB2D17F82 /* images */,
				6AC70AD5423E38C35D1FE9CD /* Model */,
				6AC70664965E5EAE3C0FBF11 /* Notification */,
			);
			path = iOS;
			sourceTree = "<group>";
		};
		494BC0F816D0D86A00DA45B9 /* Supporting Files */ = {
			isa = PBXGroup;
			children = (
				494BC0F916D0D86A00DA45B9 /* iOS-Info.plist */,
				494BC0FA16D0D86A00DA45B9 /* InfoPlist.strings */,
				494BC0FD16D0D86A00DA45B9 /* main.m */,
				494BC0FF16D0D86A00DA45B9 /* iOS-Prefix.pch */,
				494BC10316D0D86A00DA45B9 /* Default.png */,
				494BC10516D0D86A00DA45B9 /* Default@2x.png */,
				494BC10716D0D86A00DA45B9 /* Default-568h@2x.png */,
			);
			name = "Supporting Files";
			sourceTree = "<group>";
		};
		494BC11516D0D86B00DA45B9 /* iOSTests */ = {
			isa = PBXGroup;
			children = (
				494BC11B16D0D86B00DA45B9 /* iOSTests.h */,
				494BC11C16D0D86B00DA45B9 /* iOSTests.m */,
				494BC11616D0D86B00DA45B9 /* Supporting Files */,
			);
			path = iOSTests;
			sourceTree = "<group>";
		};
		494BC11616D0D86B00DA45B9 /* Supporting Files */ = {
			isa = PBXGroup;
			children = (
				494BC11716D0D86B00DA45B9 /* iOSTests-Info.plist */,
				494BC11816D0D86B00DA45B9 /* InfoPlist.strings */,
			);
			name = "Supporting Files";
			sourceTree = "<group>";
		};
		6AC700F2E6E4A22AB2D17F82 /* images */ = {
			isa = PBXGroup;
			children = (
				6AC7010B191BDBFC9AE5EE79 /* fork.png */,
			);
			path = images;
			sourceTree = "<group>";
		};
		6AC70664965E5EAE3C0FBF11 /* Notification */ = {
			isa = PBXGroup;
			children = (
				6AC70BF89F51B7DFCA0D1B7E /* PayBillLocalNotification.h */,
				6AC70877D88D0825D0D7EAC8 /* PayBillLocalNotification.m */,
			);
			path = Notification;
			sourceTree = "<group>";
		};
		6AC70AD5423E38C35D1FE9CD /* Model */ = {
			isa = PBXGroup;
			children = (
				6AC705EAD3E94134E0BF5351 /* User.h */,
				6AC7061F88DEADC3990B7D15 /* User.m */,
			);
			path = Model;
			sourceTree = "<group>";
		};
		BB082E1E16D66DE700F699F6 /* Account */ = {
			isa = PBXGroup;
			children = (
				BB7EE26716D883860000DFCE /* LoginTableViewController.h */,
				BB7EE26816D883860000DFCE /* LoginTableViewController.m */,
				BB7EE26C16D885660000DFCE /* LoginFooterView.xib */,
				BB7EE29316D917960000DFCE /* SignUpViewController.h */,
				BB7EE29416D917960000DFCE /* SignUpViewController.m */,
			);
			name = Account;
			sourceTree = "<group>";
		};
		BB7EE24A16D86BD90000DFCE /* Table Cell */ = {
			isa = PBXGroup;
			children = (
				BB7EE24B16D86C270000DFCE /* EditTableViewCell.h */,
				BB7EE24C16D86C270000DFCE /* EditTableViewCell.m */,
				BB7EE27D16D8F42F0000DFCE /* EditTableViewCell.xib */,
				BBA6E72816DD024B00561F93 /* GroupSummaryViewCell.h */,
				BBA6E72916DD024B00561F93 /* GroupSummaryViewCell.m */,
				6AC7008D4E86601A6BC01F78 /* PlainEditTableViewCell.h */,
				6AC70BB96F84DDAA0EB4A97B /* PlainEditTableViewCell.m */,
			);
			name = "Table Cell";
			sourceTree = "<group>";
		};
/* End PBXGroup section */

/* Begin PBXNativeTarget section */
		494BC0EC16D0D86A00DA45B9 /* iOS */ = {
			isa = PBXNativeTarget;
			buildConfigurationList = 494BC12016D0D86B00DA45B9 /* Build configuration list for PBXNativeTarget "iOS" */;
			buildPhases = (
				494BC0E916D0D86A00DA45B9 /* Sources */,
				494BC0EA16D0D86A00DA45B9 /* Frameworks */,
				494BC0EB16D0D86A00DA45B9 /* Resources */,
				23192B9F0E2C499481649A20 /* Copy Pods Resources */,
			);
			buildRules = (
			);
			dependencies = (
			);
			name = iOS;
			productName = iOS;
			productReference = 494BC0ED16D0D86A00DA45B9 /* iOS.app */;
			productType = "com.apple.product-type.application";
		};
		494BC10D16D0D86B00DA45B9 /* iOSTests */ = {
			isa = PBXNativeTarget;
			buildConfigurationList = 494BC12316D0D86B00DA45B9 /* Build configuration list for PBXNativeTarget "iOSTests" */;
			buildPhases = (
				494BC10916D0D86B00DA45B9 /* Sources */,
				494BC10A16D0D86B00DA45B9 /* Frameworks */,
				494BC10B16D0D86B00DA45B9 /* Resources */,
				494BC10C16D0D86B00DA45B9 /* ShellScript */,
			);
			buildRules = (
			);
			dependencies = (
				494BC11416D0D86B00DA45B9 /* PBXTargetDependency */,
			);
			name = iOSTests;
			productName = iOSTests;
			productReference = 494BC10E16D0D86B00DA45B9 /* iOSTests.octest */;
			productType = "com.apple.product-type.bundle";
		};
/* End PBXNativeTarget section */

/* Begin PBXProject section */
		494BC0E416D0D86A00DA45B9 /* Project object */ = {
			isa = PBXProject;
			attributes = {
				CLASSPREFIX = FM;
				LastUpgradeCheck = 0450;
				ORGANIZATIONNAME = twer;
			};
			buildConfigurationList = 494BC0E716D0D86A00DA45B9 /* Build configuration list for PBXProject "iOS" */;
			compatibilityVersion = "Xcode 3.2";
			developmentRegion = English;
			hasScannedForEncodings = 0;
			knownRegions = (
				en,
			);
			mainGroup = 494BC0E216D0D86A00DA45B9;
			productRefGroup = 494BC0EE16D0D86A00DA45B9 /* Products */;
			projectDirPath = "";
			projectRoot = "";
			targets = (
				494BC0EC16D0D86A00DA45B9 /* iOS */,
				494BC10D16D0D86B00DA45B9 /* iOSTests */,
			);
		};
/* End PBXProject section */

/* Begin PBXResourcesBuildPhase section */
		494BC0EB16D0D86A00DA45B9 /* Resources */ = {
			isa = PBXResourcesBuildPhase;
			buildActionMask = 2147483647;
			files = (
				494BC0FC16D0D86A00DA45B9 /* InfoPlist.strings in Resources */,
				494BC10416D0D86A00DA45B9 /* Default.png in Resources */,
				494BC10616D0D86A00DA45B9 /* Default@2x.png in Resources */,
				494BC10816D0D86A00DA45B9 /* Default-568h@2x.png in Resources */,
				BB7EE26D16D885660000DFCE /* LoginFooterView.xib in Resources */,
				BB7EE28E16D904CA0000DFCE /* EditTableViewCell.xib in Resources */,
				6AC702A49AE2426D90512249 /* fork.png in Resources */,
				6AC702A1668230A9762FCA1A /* tasks in Resources */,
			);
			runOnlyForDeploymentPostprocessing = 0;
		};
		494BC10B16D0D86B00DA45B9 /* Resources */ = {
			isa = PBXResourcesBuildPhase;
			buildActionMask = 2147483647;
			files = (
				494BC11A16D0D86B00DA45B9 /* InfoPlist.strings in Resources */,
			);
			runOnlyForDeploymentPostprocessing = 0;
		};
/* End PBXResourcesBuildPhase section */

/* Begin PBXShellScriptBuildPhase section */
		23192B9F0E2C499481649A20 /* Copy Pods Resources */ = {
			isa = PBXShellScriptBuildPhase;
			buildActionMask = 2147483647;
			files = (
			);
			inputPaths = (
			);
			name = "Copy Pods Resources";
			outputPaths = (
			);
			runOnlyForDeploymentPostprocessing = 0;
			shellPath = /bin/sh;
			shellScript = "\"${SRCROOT}/Pods/Pods-resources.sh\"\n";
		};
		494BC10C16D0D86B00DA45B9 /* ShellScript */ = {
			isa = PBXShellScriptBuildPhase;
			buildActionMask = 2147483647;
			files = (
			);
			inputPaths = (
			);
			outputPaths = (
			);
			runOnlyForDeploymentPostprocessing = 0;
			shellPath = /bin/sh;
			shellScript = "# Run the unit tests in this test bundle.\n\"${SYSTEM_DEVELOPER_DIR}/Tools/RunUnitTests\"\n";
		};
/* End PBXShellScriptBuildPhase section */

/* Begin PBXSourcesBuildPhase section */
		494BC0E916D0D86A00DA45B9 /* Sources */ = {
			isa = PBXSourcesBuildPhase;
			buildActionMask = 2147483647;
			files = (
				494BC0FE16D0D86A00DA45B9 /* main.m in Sources */,
				494BC10216D0D86A00DA45B9 /* FMAppDelegate.m in Sources */,
				368675D228EDCCF15265C72D /* GroupListController.m in Sources */,
				36867D81F1E8A121F01ACC26 /* CreateUIElement.m in Sources */,
				BB7EE24D16D86C270000DFCE /* EditTableViewCell.m in Sources */,
				BB7EE26A16D883860000DFCE /* LoginTableViewController.m in Sources */,
				BB7EE29516D917960000DFCE /* SignUpViewController.m in Sources */,
				6AC7012CDFC89D1D8A164DF1 /* User.m in Sources */,
				BBA6E72A16DD024B00561F93 /* GroupSummaryViewCell.m in Sources */,
				6AC70C17CB4FABAD6A621E5F /* GroupDataService.m in Sources */,
				6AC7092CA6D8607B53F050C7 /* GroupAddViewController.m in Sources */,
				6AC704A1801EDB16CA032A20 /* PlainEditTableViewCell.m in Sources */,
				6AC7019C78D4ADA2F2CBE2C2 /* RestaurantListViewController.m in Sources */,
				6AC70763CDDCDE528E5A1F2D /* Restaurant.m in Sources */,
				6AC70959AF382E769E7DBD17 /* Dish.m in Sources */,
				6AC708CF7C209E157D378469 /* Group.m in Sources */,
				6AC70674047965BE614BF689 /* PayBillLocalNotification.m in Sources */,
				6AC7075FDFA98EC171B4CFF7 /* GroupDetailsViewController.m in Sources */,
			);
			runOnlyForDeploymentPostprocessing = 0;
		};
		494BC10916D0D86B00DA45B9 /* Sources */ = {
			isa = PBXSourcesBuildPhase;
			buildActionMask = 2147483647;
			files = (
				494BC11D16D0D86B00DA45B9 /* iOSTests.m in Sources */,
			);
			runOnlyForDeploymentPostprocessing = 0;
		};
/* End PBXSourcesBuildPhase section */

/* Begin PBXTargetDependency section */
		494BC11416D0D86B00DA45B9 /* PBXTargetDependency */ = {
			isa = PBXTargetDependency;
			target = 494BC0EC16D0D86A00DA45B9 /* iOS */;
			targetProxy = 494BC11316D0D86B00DA45B9 /* PBXContainerItemProxy */;
		};
/* End PBXTargetDependency section */

/* Begin PBXVariantGroup section */
		494BC0FA16D0D86A00DA45B9 /* InfoPlist.strings */ = {
			isa = PBXVariantGroup;
			children = (
				494BC0FB16D0D86A00DA45B9 /* en */,
			);
			name = InfoPlist.strings;
			sourceTree = "<group>";
		};
		494BC11816D0D86B00DA45B9 /* InfoPlist.strings */ = {
			isa = PBXVariantGroup;
			children = (
				494BC11916D0D86B00DA45B9 /* en */,
			);
			name = InfoPlist.strings;
			sourceTree = "<group>";
		};
/* End PBXVariantGroup section */

/* Begin XCBuildConfiguration section */
		494BC11E16D0D86B00DA45B9 /* Debug */ = {
			isa = XCBuildConfiguration;
			buildSettings = {
				ALWAYS_SEARCH_USER_PATHS = NO;
				CLANG_CXX_LANGUAGE_STANDARD = "gnu++0x";
				CLANG_CXX_LIBRARY = "libc++";
				CLANG_ENABLE_OBJC_ARC = YES;
				CLANG_WARN_EMPTY_BODY = YES;
				CLANG_WARN__DUPLICATE_METHOD_MATCH = YES;
				"CODE_SIGN_IDENTITY[sdk=iphoneos*]" = "iPhone Developer";
				COPY_PHASE_STRIP = NO;
				GCC_C_LANGUAGE_STANDARD = gnu99;
				GCC_DYNAMIC_NO_PIC = NO;
				GCC_OPTIMIZATION_LEVEL = 0;
				GCC_PREPROCESSOR_DEFINITIONS = (
					"DEBUG=1",
					"$(inherited)",
				);
				GCC_SYMBOLS_PRIVATE_EXTERN = NO;
				GCC_WARN_ABOUT_RETURN_TYPE = YES;
				GCC_WARN_UNINITIALIZED_AUTOS = YES;
				GCC_WARN_UNUSED_VARIABLE = YES;
				IPHONEOS_DEPLOYMENT_TARGET = 6.0;
				ONLY_ACTIVE_ARCH = YES;
				SDKROOT = iphoneos;
			};
			name = Debug;
		};
		494BC11F16D0D86B00DA45B9 /* Release */ = {
			isa = XCBuildConfiguration;
			buildSettings = {
				ALWAYS_SEARCH_USER_PATHS = NO;
				CLANG_CXX_LANGUAGE_STANDARD = "gnu++0x";
				CLANG_CXX_LIBRARY = "libc++";
				CLANG_ENABLE_OBJC_ARC = YES;
				CLANG_WARN_EMPTY_BODY = YES;
				CLANG_WARN__DUPLICATE_METHOD_MATCH = YES;
				"CODE_SIGN_IDENTITY[sdk=iphoneos*]" = "iPhone Developer";
				COPY_PHASE_STRIP = YES;
				GCC_C_LANGUAGE_STANDARD = gnu99;
				GCC_WARN_ABOUT_RETURN_TYPE = YES;
				GCC_WARN_UNINITIALIZED_AUTOS = YES;
				GCC_WARN_UNUSED_VARIABLE = YES;
				IPHONEOS_DEPLOYMENT_TARGET = 6.0;
				OTHER_CFLAGS = "-DNS_BLOCK_ASSERTIONS=1";
				SDKROOT = iphoneos;
				VALIDATE_PRODUCT = YES;
			};
			name = Release;
		};
		494BC12116D0D86B00DA45B9 /* Debug */ = {
			isa = XCBuildConfiguration;
			baseConfigurationReference = 57835B580DD34FEDB60789E8 /* Pods.xcconfig */;
			buildSettings = {
				FRAMEWORK_SEARCH_PATHS = (
					"\"${PROJECT_DIR}/\"/**",
					"\"$(SRCROOT)/Pods\"",
				);
				GCC_PRECOMPILE_PREFIX_HEADER = YES;
				GCC_PREFIX_HEADER = "iOS/iOS-Prefix.pch";
				INFOPLIST_FILE = "iOS/iOS-Info.plist";
				PRODUCT_NAME = "$(TARGET_NAME)";
				WRAPPER_EXTENSION = app;
			};
			name = Debug;
		};
		494BC12216D0D86B00DA45B9 /* Release */ = {
			isa = XCBuildConfiguration;
			baseConfigurationReference = 57835B580DD34FEDB60789E8 /* Pods.xcconfig */;
			buildSettings = {
				FRAMEWORK_SEARCH_PATHS = (
					"\"${PROJECT_DIR}/\"/**",
					"\"$(SRCROOT)/Pods\"",
				);
				GCC_PRECOMPILE_PREFIX_HEADER = YES;
				GCC_PREFIX_HEADER = "iOS/iOS-Prefix.pch";
				INFOPLIST_FILE = "iOS/iOS-Info.plist";
				PRODUCT_NAME = "$(TARGET_NAME)";
				WRAPPER_EXTENSION = app;
			};
			name = Release;
		};
		494BC12416D0D86B00DA45B9 /* Debug */ = {
			isa = XCBuildConfiguration;
			buildSettings = {
				BUNDLE_LOADER = "$(BUILT_PRODUCTS_DIR)/iOS.app/iOS";
				FRAMEWORK_SEARCH_PATHS = (
					"\"$(SDKROOT)/Developer/Library/Frameworks\"",
					"\"$(DEVELOPER_LIBRARY_DIR)/Frameworks\"",
				);
				GCC_PRECOMPILE_PREFIX_HEADER = YES;
				GCC_PREFIX_HEADER = "iOS/iOS-Prefix.pch";
				INFOPLIST_FILE = "iOSTests/iOSTests-Info.plist";
				PRODUCT_NAME = "$(TARGET_NAME)";
				TEST_HOST = "$(BUNDLE_LOADER)";
				WRAPPER_EXTENSION = octest;
			};
			name = Debug;
		};
		494BC12516D0D86B00DA45B9 /* Release */ = {
			isa = XCBuildConfiguration;
			buildSettings = {
				BUNDLE_LOADER = "$(BUILT_PRODUCTS_DIR)/iOS.app/iOS";
				FRAMEWORK_SEARCH_PATHS = (
					"\"$(SDKROOT)/Developer/Library/Frameworks\"",
					"\"$(DEVELOPER_LIBRARY_DIR)/Frameworks\"",
				);
				GCC_PRECOMPILE_PREFIX_HEADER = YES;
				GCC_PREFIX_HEADER = "iOS/iOS-Prefix.pch";
				INFOPLIST_FILE = "iOSTests/iOSTests-Info.plist";
				PRODUCT_NAME = "$(TARGET_NAME)";
				TEST_HOST = "$(BUNDLE_LOADER)";
				WRAPPER_EXTENSION = octest;
			};
			name = Release;
		};
/* End XCBuildConfiguration section */

/* Begin XCConfigurationList section */
		494BC0E716D0D86A00DA45B9 /* Build configuration list for PBXProject "iOS" */ = {
			isa = XCConfigurationList;
			buildConfigurations = (
				494BC11E16D0D86B00DA45B9 /* Debug */,
				494BC11F16D0D86B00DA45B9 /* Release */,
			);
			defaultConfigurationIsVisible = 0;
			defaultConfigurationName = Release;
		};
		494BC12016D0D86B00DA45B9 /* Build configuration list for PBXNativeTarget "iOS" */ = {
			isa = XCConfigurationList;
			buildConfigurations = (
				494BC12116D0D86B00DA45B9 /* Debug */,
				494BC12216D0D86B00DA45B9 /* Release */,
			);
			defaultConfigurationIsVisible = 0;
			defaultConfigurationName = Release;
		};
		494BC12316D0D86B00DA45B9 /* Build configuration list for PBXNativeTarget "iOSTests" */ = {
			isa = XCConfigurationList;
			buildConfigurations = (
				494BC12416D0D86B00DA45B9 /* Debug */,
				494BC12516D0D86B00DA45B9 /* Release */,
			);
			defaultConfigurationIsVisible = 0;
			defaultConfigurationName = Release;
		};
/* End XCConfigurationList section */
	};
	rootObject = 494BC0E416D0D86A00DA45B9 /* Project object */;
}
